
Microsoft Visual Studio Solution File, Format Version 12.00
# Visual Studio Version 17
VisualStudioVersion = 17.5.002.0
MinimumVisualStudioVersion = 10.0.40219.1
Project("{9A19103F-16F7-4668-BE54-9A1E7A4F7556}") = "MyShop", "MyShop.csproj", "{ADF08940-ADFF-40C2-9D6C-9413104E1254}"
EndProject
Global
	GlobalSection(SolutionConfigurationPlatforms) = preSolution
		Debug|Any CPU = Debug|Any CPU
		Release|Any CPU = Release|Any CPU
	EndGlobalSection
	GlobalSection(ProjectConfigurationPlatforms) = postSolution
		{ADF08940-ADFF-40C2-9D6C-9413104E1254}.Debug|Any CPU.ActiveCfg = Debug|Any CPU
		{ADF08940-ADFF-40C2-9D6C-9413104E1254}.Debug|Any CPU.Build.0 = Debug|Any CPU
		{ADF08940-ADFF-40C2-9D6C-9413104E1254}.Release|Any CPU.ActiveCfg = Release|Any CPU
		{ADF08940-ADFF-40C2-9D6C-9413104E1254}.Release|Any CPU.Build.0 = Release|Any CPU
	EndGlobalSection
	GlobalSection(SolutionProperties) = preSolution
		HideSolutionNode = FALSE
	EndGlobalSection
	GlobalSection(ExtensibilityGlobals) = postSolution
		SolutionGuid = {324721A2-C5C8-451F-B1C6-5D6132B292DE}
	EndGlobalSection
EndGlobal
